// !$*UTF8*$!
{
	archiveVersion = 1;
	classes = {
	};
	objectVersion = 56;
	objects = {

/* Begin PBXBuildFile section */
		DBECC9A12B8A1E0B0048399C /* WEEK_4_AUDIO_SOUNDApp.swift in Sources */ = {isa = PBXBuildFile; fileRef = DBECC9A02B8A1E0B0048399C /* WEEK_4_AUDIO_SOUNDApp.swift */; };
		DBECC9A52B8A1E0E0048399C /* Assets.xcassets in Resources */ = {isa = PBXBuildFile; fileRef = DBECC9A42B8A1E0E0048399C /* Assets.xcassets */; };
		DBECC9A82B8A1E0E0048399C /* Preview Assets.xcassets in Resources */ = {isa = PBXBuildFile; fileRef = DBECC9A72B8A1E0E0048399C /* Preview Assets.xcassets */; };
		DBECC9B32B8A26B70048399C /* Page1.swift in Sources */ = {isa = PBXBuildFile; fileRef = DBECC9B22B8A26B70048399C /* Page1.swift */; };
		DBECC9C72B8B9AC50048399C /* water.mp3 in Resources */ = {isa = PBXBuildFile; fileRef = DBECC9C42B8B9AC50048399C /* water.mp3 */; };
		DBECC9C82B8B9AC50048399C /* epic.mp3 in Resources */ = {isa = PBXBuildFile; fileRef = DBECC9C52B8B9AC50048399C /* epic.mp3 */; };
		DBECC9C92B8B9AC50048399C /* piano.mp3 in Resources */ = {isa = PBXBuildFile; fileRef = DBECC9C62B8B9AC50048399C /* piano.mp3 */; };
/* End PBXBuildFile section */

/* Begin PBXFileReference section */
		DBECC99D2B8A1E0B0048399C /* WEEK-4-AUDIO-SOUND.app */ = {isa = PBXFileReference; explicitFileType = wrapper.application; includeInIndex = 0; path = "WEEK-4-AUDIO-SOUND.app"; sourceTree = BUILT_PRODUCTS_DIR; };
		DBECC9A02B8A1E0B0048399C /* WEEK_4_AUDIO_SOUNDApp.swift */ = {isa = PBXFileReference; lastKnownFileType = sourcecode.swift; path = WEEK_4_AUDIO_SOUNDApp.swift; sourceTree = "<group>"; };
		DBECC9A42B8A1E0E0048399C /* Assets.xcassets */ = {isa = PBXFileReference; lastKnownFileType = folder.assetcatalog; path = Assets.xcassets; sourceTree = "<group>"; };
		DBECC9A72B8A1E0E0048399C /* Preview Assets.xcassets */ = {isa = PBXFileReference; lastKnownFileType = folder.assetcatalog; path = "Preview Assets.xcassets"; sourceTree = "<group>"; };
		DBECC9B22B8A26B70048399C /* Page1.swift */ = {isa = PBXFileReference; lastKnownFileType = sourcecode.swift; path = Page1.swift; sourceTree = "<group>"; };
		DBECC9C42B8B9AC50048399C /* water.mp3 */ = {isa = PBXFileReference; lastKnownFileType = audio.mp3; path = water.mp3; sourceTree = "<group>"; };
		DBECC9C52B8B9AC50048399C /* epic.mp3 */ = {isa = PBXFileReference; lastKnownFileType = audio.mp3; path = epic.mp3; sourceTree = "<group>"; };
		DBECC9C62B8B9AC50048399C /* piano.mp3 */ = {isa = PBXFileReference; lastKnownFileType = audio.mp3; path = piano.mp3; sourceTree = "<group>"; };
/* End PBXFileReference section */

/* Begin PBXFrameworksBuildPhase section */
		DBECC99A2B8A1E0B0048399C /* Frameworks */ = {
			isa = PBXFrameworksBuildPhase;
			buildActionMask = 2147483647;
			files = (
			);
			runOnlyForDeploymentPostprocessing = 0;
		};
/* End PBXFrameworksBuildPhase section */

/* Begin PBXGroup section */
		DBECC9942B8A1E0B0048399C = {
			isa = PBXGroup;
			children = (
				DBECC99F2B8A1E0B0048399C /* WEEK-4-AUDIO-SOUND */,
				DBECC99E2B8A1E0B0048399C /* Products */,
			);
			sourceTree = "<group>";
		};
		DBECC99E2B8A1E0B0048399C /* Products */ = {
			isa = PBXGroup;
			children = (
				DBECC99D2B8A1E0B0048399C /* WEEK-4-AUDIO-SOUND.app */,
			);
			name = Products;
			sourceTree = "<group>";
		};
		DBECC99F2B8A1E0B0048399C /* WEEK-4-AUDIO-SOUND */ = {
			isa = PBXGroup;
			children = (
				DBECC9A02B8A1E0B0048399C /* WEEK_4_AUDIO_SOUNDApp.swift */,
				DBECC9B22B8A26B70048399C /* Page1.swift */,
				DBECC9C52B8B9AC50048399C /* epic.mp3 */,
				DBECC9C62B8B9AC50048399C /* piano.mp3 */,
				DBECC9C42B8B9AC50048399C /* water.mp3 */,
				DBECC9A42B8A1E0E0048399C /* Assets.xcassets */,
				DBECC9A62B8A1E0E0048399C /* Preview Content */,
			);
			path = "WEEK-4-AUDIO-SOUND";
			sourceTree = "<group>";
		};
		DBECC9A62B8A1E0E0048399C /* Preview Content */ = {
			isa = PBXGroup;
			children = (
				DBECC9A72B8A1E0E0048399C /* Preview Assets.xcassets */,
			);
			path = "Preview Content";
			sourceTree = "<group>";
		};
/* End PBXGroup section */

/* Begin PBXNativeTarget section */
		DBECC99C2B8A1E0B0048399C /* WEEK-4-AUDIO-SOUND */ = {
			isa = PBXNativeTarget;
			buildConfigurationList = DBECC9AB2B8A1E0E0048399C /* Build configuration list for PBXNativeTarget "WEEK-4-AUDIO-SOUND" */;
			buildPhases = (
				DBECC9992B8A1E0B0048399C /* Sources */,
				DBECC99A2B8A1E0B0048399C /* Frameworks */,
				DBECC99B2B8A1E0B0048399C /* Resources */,
			);
			buildRules = (
			);
			dependencies = (
			);
			name = "WEEK-4-AUDIO-SOUND";
			productName = "WEEK-4-AUDIO-SOUND";
			productReference = DBECC99D2B8A1E0B0048399C /* WEEK-4-AUDIO-SOUND.app */;
			productType = "com.apple.product-type.application";
		};
/* End PBXNativeTarget section */

/* Begin PBXProject section */
		DBECC9952B8A1E0B0048399C /* Project object */ = {
			isa = PBXProject;
			attributes = {
				BuildIndependentTargetsInParallel = 1;
				LastSwiftUpdateCheck = 1520;
				LastUpgradeCheck = 1520;
				TargetAttributes = {
					DBECC99C2B8A1E0B0048399C = {
						CreatedOnToolsVersion = 15.2;
					};
				};
			};
			buildConfigurationList = DBECC9982B8A1E0B0048399C /* Build configuration list for PBXProject "WEEK-4-AUDIO-SOUND" */;
			compatibilityVersion = "Xcode 14.0";
			developmentRegion = en;
			hasScannedForEncodings = 0;
			knownRegions = (
				en,
				Base,
			);
			mainGroup = DBECC9942B8A1E0B0048399C;
			productRefGroup = DBECC99E2B8A1E0B0048399C /* Products */;
			projectDirPath = "";
			projectRoot = "";
			targets = (
				DBECC99C2B8A1E0B0048399C /* WEEK-4-AUDIO-SOUND */,
			);
		};
/* End PBXProject section */

/* Begin PBXResourcesBuildPhase section */
		DBECC99B2B8A1E0B0048399C /* Resources */ = {
			isa = PBXResourcesBuildPhase;
			buildActionMask = 2147483647;
			files = (
				DBECC9A82B8A1E0E0048399C /* Preview Assets.xcassets in Resources */,
				DBECC9A52B8A1E0E0048399C /* Assets.xcassets in Resources */,
				DBECC9C92B8B9AC50048399C /* piano.mp3 in Resources */,
				DBECC9C72B8B9AC50048399C /* water.mp3 in Resources */,
				DBECC9C82B8B9AC50048399C /* epic.mp3 in Resources */,
			);
			runOnlyForDeploymentPostprocessing = 0;
		};
/* End PBXResourcesBuildPhase section */

/* Begin PBXSourcesBuildPhase section */
		DBECC9992B8A1E0B0048399C /* Sources */ = {
			isa = PBXSourcesBuildPhase;
			buildActionMask = 2147483647;
			files = (
				DBECC9B32B8A26B70048399C /* Page1.swift in Sources */,
				DBECC9A12B8A1E0B0048399C /* WEEK_4_AUDIO_SOUNDApp.swift in Sources */,
			);
			runOnlyForDeploymentPostprocessing = 0;
		};
/* End PBXSourcesBuildPhase section */

/* Begin XCBuildConfiguration section */
		DBECC9A92B8A1E0E0048399C /* Debug */ = {
			isa = XCBuildConfiguration;
			buildSettings = {
				ALWAYS_SEARCH_USER_PATHS = NO;
				ASSETCATALOG_COMPILER_GENERATE_SWIFT_ASSET_SYMBOL_EXTENSIONS = YES;
				CLANG_ANALYZER_NONNULL = YES;
				CLANG_ANALYZER_NUMBER_OBJECT_CONVERSION = YES_AGGRESSIVE;
				CLANG_CXX_LANGUAGE_STANDARD = "gnu++20";
				CLANG_ENABLE_MODULES = YES;
				CLANG_ENABLE_OBJC_ARC = YES;
				CLANG_ENABLE_OBJC_WEAK = YES;
				CLANG_WARN_BLOCK_CAPTURE_AUTORELEASING = YES;
				CLANG_WARN_BOOL_CONVERSION = YES;
				CLANG_WARN_COMMA = YES;
				CLANG_WARN_CONSTANT_CONVERSION = YES;
				CLANG_WARN_DEPRECATED_OBJC_IMPLEMENTATIONS = YES;
				CLANG_WARN_DIRECT_OBJC_ISA_USAGE = YES_ERROR;
				CLANG_WARN_DOCUMENTATION_COMMENTS = YES;
				CLANG_WARN_EMPTY_BODY = YES;
				CLANG_WARN_ENUM_CONVERSION = YES;
				CLANG_WARN_INFINITE_RECURSION = YES;
				CLANG_WARN_INT_CONVERSION = YES;
				CLANG_WARN_NON_LITERAL_NULL_CONVERSION = YES;
				CLANG_WARN_OBJC_IMPLICIT_RETAIN_SELF = YES;
				CLANG_WARN_OBJC_LITERAL_CONVERSION = YES;
				CLANG_WARN_OBJC_ROOT_CLASS = YES_ERROR;
				CLANG_WARN_QUOTED_INCLUDE_IN_FRAMEWORK_HEADER = YES;
				CLANG_WARN_RANGE_LOOP_ANALYSIS = YES;
				CLANG_WARN_STRICT_PROTOTYPES = YES;
				CLANG_WARN_SUSPICIOUS_MOVE = YES;
				CLANG_WARN_UNGUARDED_AVAILABILITY = YES_AGGRESSIVE;
				CLANG_WARN_UNREACHABLE_CODE = YES;
				CLANG_WARN__DUPLICATE_METHOD_MATCH = YES;
				COPY_PHASE_STRIP = NO;
				DEBUG_INFORMATION_FORMAT = dwarf;
				ENABLE_STRICT_OBJC_MSGSEND = YES;
				ENABLE_TESTABILITY = YES;
				ENABLE_USER_SCRIPT_SANDBOXING = YES;
				GCC_C_LANGUAGE_STANDARD = gnu17;
				GCC_DYNAMIC_NO_PIC = NO;
				GCC_NO_COMMON_BLOCKS = YES;
				GCC_OPTIMIZATION_LEVEL = 0;
				GCC_PREPROCESSOR_DEFINITIONS = (
					"DEBUG=1",
					"$(inherited)",
				);
				GCC_WARN_64_TO_32_BIT_CONVERSION = YES;
				GCC_WARN_ABOUT_RETURN_TYPE = YES_ERROR;
				GCC_WARN_UNDECLARED_SELECTOR = YES;
				GCC_WARN_UNINITIALIZED_AUTOS = YES_AGGRESSIVE;
				GCC_WARN_UNUSED_FUNCTION = YES;
				GCC_WARN_UNUSED_VARIABLE = YES;
				IPHONEOS_DEPLOYMENT_TARGET = 17.2;
				LOCALIZATION_PREFERS_STRING_CATALOGS = YES;
				MTL_ENABLE_DEBUG_INFO = INCLUDE_SOURCE;
				MTL_FAST_MATH = YES;
				ONLY_ACTIVE_ARCH = YES;
				SDKROOT = iphoneos;
				SWIFT_ACTIVE_COMPILATION_CONDITIONS = "DEBUG $(inherited)";
				SWIFT_OPTIMIZATION_LEVEL = "-Onone";
			};
			name = Debug;
		};
		DBECC9AA2B8A1E0E0048399C /* Release */ = {
			isa = XCBuildConfiguration;
			buildSettings = {
				ALWAYS_SEARCH_USER_PATHS = NO;
				ASSETCATALOG_COMPILER_GENERATE_SWIFT_ASSET_SYMBOL_EXTENSIONS = YES;
				CLANG_ANALYZER_NONNULL = YES;
				CLANG_ANALYZER_NUMBER_OBJECT_CONVERSION = YES_AGGRESSIVE;
				CLANG_CXX_LANGUAGE_STANDARD = "gnu++20";
				CLANG_ENABLE_MODULES = YES;
				CLANG_ENABLE_OBJC_ARC = YES;
				CLANG_ENABLE_OBJC_WEAK = YES;
				CLANG_WARN_BLOCK_CAPTURE_AUTORELEASING = YES;
				CLANG_WARN_BOOL_CONVERSION = YES;
				CLANG_WARN_COMMA = YES;
				CLANG_WARN_CONSTANT_CONVERSION = YES;
				CLANG_WARN_DEPRECATED_OBJC_IMPLEMENTATIONS = YES;
				CLANG_WARN_DIRECT_OBJC_ISA_USAGE = YES_ERROR;
				CLANG_WARN_DOCUMENTATION_COMMENTS = YES;
				CLANG_WARN_EMPTY_BODY = YES;
				CLANG_WARN_ENUM_CONVERSION = YES;
				CLANG_WARN_INFINITE_RECURSION = YES;
				CLANG_WARN_INT_CONVERSION = YES;
				CLANG_WARN_NON_LITERAL_NULL_CONVERSION = YES;
				CLANG_WARN_OBJC_IMPLICIT_RETAIN_SELF = YES;
				CLANG_WARN_OBJC_LITERAL_CONVERSION = YES;
				CLANG_WARN_OBJC_ROOT_CLASS = YES_ERROR;
				CLANG_WARN_QUOTED_INCLUDE_IN_FRAMEWORK_HEADER = YES;
				CLANG_WARN_RANGE_LOOP_ANALYSIS = YES;
				CLANG_WARN_STRICT_PROTOTYPES = YES;
				CLANG_WARN_SUSPICIOUS_MOVE = YES;
				CLANG_WARN_UNGUARDED_AVAILABILITY = YES_AGGRESSIVE;
				CLANG_WARN_UNREACHABLE_CODE = YES;
				CLANG_WARN__DUPLICATE_METHOD_MATCH = YES;
				COPY_PHASE_STRIP = NO;
				DEBUG_INFORMATION_FORMAT = "dwarf-with-dsym";
				ENABLE_NS_ASSERTIONS = NO;
				ENABLE_STRICT_OBJC_MSGSEND = YES;
				ENABLE_USER_SCRIPT_SANDBOXING = YES;
				GCC_C_LANGUAGE_STANDARD = gnu17;
				GCC_NO_COMMON_BLOCKS = YES;
				GCC_WARN_64_TO_32_BIT_CONVERSION = YES;
				GCC_WARN_ABOUT_RETURN_TYPE = YES_ERROR;
				GCC_WARN_UNDECLARED_SELECTOR = YES;
				GCC_WARN_UNINITIALIZED_AUTOS = YES_AGGRESSIVE;
				GCC_WARN_UNUSED_FUNCTION = YES;
				GCC_WARN_UNUSED_VARIABLE = YES;
				IPHONEOS_DEPLOYMENT_TARGET = 17.2;
				LOCALIZATION_PREFERS_STRING_CATALOGS = YES;
				MTL_ENABLE_DEBUG_INFO = NO;
				MTL_FAST_MATH = YES;
				SDKROOT = iphoneos;
				SWIFT_COMPILATION_MODE = wholemodule;
				VALIDATE_PRODUCT = YES;
			};
			name = Release;
		};
		DBECC9AC2B8A1E0E0048399C /* Debug */ = {
			isa = XCBuildConfiguration;
			buildSettings = {
				ASSETCATALOG_COMPILER_APPICON_NAME = AppIcon;
				ASSETCATALOG_COMPILER_GLOBAL_ACCENT_COLOR_NAME = AccentColor;
				CODE_SIGN_STYLE = Automatic;
				CURRENT_PROJECT_VERSION = 1;
				DEVELOPMENT_ASSET_PATHS = "\"WEEK-4-AUDIO-SOUND/Preview Content\"";
				DEVELOPMENT_TEAM = 65LVZ3423Z;
				ENABLE_PREVIEWS = YES;
				GENERATE_INFOPLIST_FILE = YES;
				INFOPLIST_KEY_UIApplicationSceneManifest_Generation = YES;
				INFOPLIST_KEY_UIApplicationSupportsIndirectInputEvents = YES;
				INFOPLIST_KEY_UILaunchScreen_Generation = YES;
				INFOPLIST_KEY_UISupportedInterfaceOrientations_iPad = "UIInterfaceOrientationPortrait UIInterfaceOrientationPortraitUpsideDown UIInterfaceOrientationLandscapeLeft UIInterfaceOrientationLandscapeRight";
				INFOPLIST_KEY_UISupportedInterfaceOrientations_iPhone = "UIInterfaceOrientationPortrait UIInterfaceOrientationLandscapeLeft UIInterfaceOrientationLandscapeRight";
				LD_RUNPATH_SEARCH_PATHS = (
					"$(inherited)",
					"@executable_path/Frameworks",
				);
				MARKETING_VERSION = 1.0;
				PRODUCT_BUNDLE_IDENTIFIER = "zhiyang.wang-nyu.edu.WEEK-4-AUDIO-SOUND";
				PRODUCT_NAME = "$(TARGET_NAME)";
				SWIFT_EMIT_LOC_STRINGS = YES;
				SWIFT_VERSION = 5.0;
				TARGETED_DEVICE_FAMILY = "1,2";
			};
			name = Debug;
		};
		DBECC9AD2B8A1E0E0048399C /* Release */ = {
			isa = XCBuildConfiguration;
			buildSettings = {
				ASSETCATALOG_COMPILER_APPICON_NAME = AppIcon;
				ASSETCATALOG_COMPILER_GLOBAL_ACCENT_COLOR_NAME = AccentColor;
				CODE_SIGN_STYLE = Automatic;
				CURRENT_PROJECT_VERSION = 1;
				DEVELOPMENT_ASSET_PATHS = "\"WEEK-4-AUDIO-SOUND/Preview Content\"";
				DEVELOPMENT_TEAM = 65LVZ3423Z;
				ENABLE_PREVIEWS = YES;
				GENERATE_INFOPLIST_FILE = YES;
				INFOPLIST_KEY_UIApplicationSceneManifest_Generation = YES;
				INFOPLIST_KEY_UIApplicationSupportsIndirectInputEvents = YES;
				INFOPLIST_KEY_UILaunchScreen_Generation = YES;
				INFOPLIST_KEY_UISupportedInterfaceOrientations_iPad = "UIInterfaceOrientationPortrait UIInterfaceOrientationPortraitUpsideDown UIInterfaceOrientationLandscapeLeft UIInterfaceOrientationLandscapeRight";
				INFOPLIST_KEY_UISupportedInterfaceOrientations_iPhone = "UIInterfaceOrientationPortrait UIInterfaceOrientationLandscapeLeft UIInterfaceOrientationLandscapeRight";
				LD_RUNPATH_SEARCH_PATHS = (
					"$(inherited)",
					"@executable_path/Frameworks",
				);
				MARKETING_VERSION = 1.0;
				PRODUCT_BUNDLE_IDENTIFIER = "zhiyang.wang-nyu.edu.WEEK-4-AUDIO-SOUND";
				PRODUCT_NAME = "$(TARGET_NAME)";
				SWIFT_EMIT_LOC_STRINGS = YES;
				SWIFT_VERSION = 5.0;
				TARGETED_DEVICE_FAMILY = "1,2";
			};
			name = Release;
		};
/* End XCBuildConfiguration section */

/* Begin XCConfigurationList section */
		DBECC9982B8A1E0B0048399C /* Build configuration list for PBXProject "WEEK-4-AUDIO-SOUND" */ = {
			isa = XCConfigurationList;
			buildConfigurations = (
				DBECC9A92B8A1E0E0048399C /* Debug */,
				DBECC9AA2B8A1E0E0048399C /* Release */,
			);
			defaultConfigurationIsVisible = 0;
			defaultConfigurationName = Release;
		};
		DBECC9AB2B8A1E0E0048399C /* Build configuration list for PBXNativeTarget "WEEK-4-AUDIO-SOUND" */ = {
			isa = XCConfigurationList;
			buildConfigurations = (
				DBECC9AC2B8A1E0E0048399C /* Debug */,
				DBECC9AD2B8A1E0E0048399C /* Release */,
			);
			defaultConfigurationIsVisible = 0;
			defaultConfigurationName = Release;
		};
/* End XCConfigurationList section */
	};
	rootObject = DBECC9952B8A1E0B0048399C /* Project object */;
}
